
Microsoft Visual Studio Solution File, Format Version 12.00
# Visual Studio Version 16
VisualStudioVersion = 16.0.32413.511
MinimumVisualStudioVersion = 10.0.40219.1
Project("{FAE04EC0-301F-11D3-BF4B-00C04F79EFBC}") = "W5_Projectwork", "W5_Projectwork\W5_Projectwork.csproj", "{48DBF283-9669-4F94-BE02-157FC5CC9380}"
EndProject
Global
	GlobalSection(SolutionConfigurationPlatforms) = preSolution
		Debug|Any CPU = Debug|Any CPU
		Release|Any CPU = Release|Any CPU
	EndGlobalSection
	GlobalSection(ProjectConfigurationPlatforms) = postSolution
		{48DBF283-9669-4F94-BE02-157FC5CC9380}.Debug|Any CPU.ActiveCfg = Debug|Any CPU
		{48DBF283-9669-4F94-BE02-157FC5CC9380}.Debug|Any CPU.Build.0 = Debug|Any CPU
		{48DBF283-9669-4F94-BE02-157FC5CC9380}.Release|Any CPU.ActiveCfg = Release|Any CPU
		{48DBF283-9669-4F94-BE02-157FC5CC9380}.Release|Any CPU.Build.0 = Release|Any CPU
	EndGlobalSection
	GlobalSection(SolutionProperties) = preSolution
		HideSolutionNode = FALSE
	EndGlobalSection
	GlobalSection(ExtensibilityGlobals) = postSolution
		SolutionGuid = {E2CDC709-2CC8-4FDE-9FFB-D05A3030CAB3}
	EndGlobalSection
EndGlobal
